
Microsoft Visual Studio Solution File, Format Version 12.00
# Visual Studio 15
VisualStudioVersion = 15.0.26730.3
MinimumVisualStudioVersion = 10.0.40219.1
Project("{FAE04EC0-301F-11D3-BF4B-00C04F79EFBC}") = "EksamenM2E2017.Opskrifter", "EksamenM2E2017.Opskrifter\EksamenM2E2017.Opskrifter.csproj", "{4AB0FB2E-200E-4E34-BAA7-C51728D37358}"
EndProject
Global
	GlobalSection(SolutionConfigurationPlatforms) = preSolution
		Debug|Any CPU = Debug|Any CPU
		Release|Any CPU = Release|Any CPU
	EndGlobalSection
	GlobalSection(ProjectConfigurationPlatforms) = postSolution
		{4AB0FB2E-200E-4E34-BAA7-C51728D37358}.Debug|Any CPU.ActiveCfg = Debug|Any CPU
		{4AB0FB2E-200E-4E34-BAA7-C51728D37358}.Debug|Any CPU.Build.0 = Debug|Any CPU
		{4AB0FB2E-200E-4E34-BAA7-C51728D37358}.Release|Any CPU.ActiveCfg = Release|Any CPU
		{4AB0FB2E-200E-4E34-BAA7-C51728D37358}.Release|Any CPU.Build.0 = Release|Any CPU
	EndGlobalSection
	GlobalSection(SolutionProperties) = preSolution
		HideSolutionNode = FALSE
	EndGlobalSection
	GlobalSection(ExtensibilityGlobals) = postSolution
		SolutionGuid = {ABA51F27-BC82-4C64-ABB4-79652DD5531A}
	EndGlobalSection
EndGlobal
